
Microsoft Visual Studio Solution File, Format Version 12.00
# Visual Studio Version 16
VisualStudioVersion = 16.0.30011.22
MinimumVisualStudioVersion = 10.0.40219.1
Project("{FAE04EC0-301F-11D3-BF4B-00C04F79EFBC}") = "cscondition", "cscondition\cscondition.csproj", "{CE9129D0-3F00-47AD-B1A7-F054F49BBD39}"
EndProject
Global
	GlobalSection(SolutionConfigurationPlatforms) = preSolution
		Debug|Any CPU = Debug|Any CPU
		Release|Any CPU = Release|Any CPU
	EndGlobalSection
	GlobalSection(ProjectConfigurationPlatforms) = postSolution
		{CE9129D0-3F00-47AD-B1A7-F054F49BBD39}.Debug|Any CPU.ActiveCfg = Debug|Any CPU
		{CE9129D0-3F00-47AD-B1A7-F054F49BBD39}.Debug|Any CPU.Build.0 = Debug|Any CPU
		{CE9129D0-3F00-47AD-B1A7-F054F49BBD39}.Release|Any CPU.ActiveCfg = Release|Any CPU
		{CE9129D0-3F00-47AD-B1A7-F054F49BBD39}.Release|Any CPU.Build.0 = Release|Any CPU
	EndGlobalSection
	GlobalSection(SolutionProperties) = preSolution
		HideSolutionNode = FALSE
	EndGlobalSection
	GlobalSection(ExtensibilityGlobals) = postSolution
		SolutionGuid = {AF3C4040-405A-4078-B845-AEBC51FC0CB7}
	EndGlobalSection
EndGlobal
